PODS:
  - ZHLibTest (0.3.0)

DEPENDENCIES:
  - ZHLibTest (from `../ZHLibTest.podspec`)

EXTERNAL SOURCES:
  ZHLibTest:
    :podspec: "../ZHLibTest.podspec"

SPEC CHECKSUMS:
  ZHLibTest: e2e64d7064b6f22cbc4cdc02cb2463babf80b232

PODFILE CHECKSUM: 4f87654b06f7643c0f4246e27fd30e8313d53dc0

COCOAPODS: 1.5.3
